
Microsoft Visual Studio Solution File, Format Version 12.00
# Visual Studio 15
VisualStudioVersion = 15.0.27428.2011
MinimumVisualStudioVersion = 10.0.40219.1
Project("{FAE04EC0-301F-11D3-BF4B-00C04F79EFBC}") = "NET.S.2018.Karakouski.11", "NET.S.2018.Karakouski.11\NET.S.2018.Karakouski.11.csproj", "{29C90DB2-D2CB-4789-82B9-6CB3BF14BD26}"
EndProject
Global
	GlobalSection(SolutionConfigurationPlatforms) = preSolution
		Debug|Any CPU = Debug|Any CPU
		Release|Any CPU = Release|Any CPU
	EndGlobalSection
	GlobalSection(ProjectConfigurationPlatforms) = postSolution
		{29C90DB2-D2CB-4789-82B9-6CB3BF14BD26}.Debug|Any CPU.ActiveCfg = Debug|Any CPU
		{29C90DB2-D2CB-4789-82B9-6CB3BF14BD26}.Debug|Any CPU.Build.0 = Debug|Any CPU
		{29C90DB2-D2CB-4789-82B9-6CB3BF14BD26}.Release|Any CPU.ActiveCfg = Release|Any CPU
		{29C90DB2-D2CB-4789-82B9-6CB3BF14BD26}.Release|Any CPU.Build.0 = Release|Any CPU
	EndGlobalSection
	GlobalSection(SolutionProperties) = preSolution
		HideSolutionNode = FALSE
	EndGlobalSection
	GlobalSection(ExtensibilityGlobals) = postSolution
		SolutionGuid = {29247876-2F92-486F-8EED-C53A23C02F80}
	EndGlobalSection
EndGlobal
